// !$*UTF8*$!
{
	archiveVersion = 1;
	classes = {
	};
	objectVersion = 56;
	objects = {

/* Begin PBXBuildFile section */
		AA200000000000000000001 /* HealthBeeApp.swift in Sources */ = {isa = PBXBuildFile; fileRef = AA100000000000000000001 /* HealthBeeApp.swift */; };
		AA200000000000000000002 /* ContentView.swift in Sources */ = {isa = PBXBuildFile; fileRef = AA100000000000000000002 /* ContentView.swift */; };
		AA200000000000000000003 /* AppTheme.swift in Sources */ = {isa = PBXBuildFile; fileRef = AA100000000000000000003 /* AppTheme.swift */; };
		AA200000000000000000004 /* ThemeEnvironment.swift in Sources */ = {isa = PBXBuildFile; fileRef = AA100000000000000000004 /* ThemeEnvironment.swift */; };
		AA200000000000000000005 /* TypographyModifiers.swift in Sources */ = {isa = PBXBuildFile; fileRef = AA100000000000000000005 /* TypographyModifiers.swift */; };
		AA200000000000000000006 /* AppModels.swift in Sources */ = {isa = PBXBuildFile; fileRef = AA100000000000000000006 /* AppModels.swift */; };
		AA200000000000000000007 /* AppState.swift in Sources */ = {isa = PBXBuildFile; fileRef = AA100000000000000000007 /* AppState.swift */; };
		AA200000000000000000008 /* PersonaChip.swift in Sources */ = {isa = PBXBuildFile; fileRef = AA100000000000000000008 /* PersonaChip.swift */; };
		AA200000000000000000009 /* UplinkChip.swift in Sources */ = {isa = PBXBuildFile; fileRef = AA100000000000000000009 /* UplinkChip.swift */; };
		AA200000000000000000010 /* DashboardCardRow.swift in Sources */ = {isa = PBXBuildFile; fileRef = AA100000000000000000010 /* DashboardCardRow.swift */; };
		AA200000000000000000011 /* InsightRow.swift in Sources */ = {isa = PBXBuildFile; fileRef = AA100000000000000000011 /* InsightRow.swift */; };
		AA200000000000000000012 /* SessionRow.swift in Sources */ = {isa = PBXBuildFile; fileRef = AA100000000000000000012 /* SessionRow.swift */; };
		AA200000000000000000013 /* LogMessageView.swift in Sources */ = {isa = PBXBuildFile; fileRef = AA100000000000000000013 /* LogMessageView.swift */; };
		AA200000000000000000014 /* TypewriterText.swift in Sources */ = {isa = PBXBuildFile; fileRef = AA100000000000000000014 /* TypewriterText.swift */; };
		AA200000000000000000015 /* LiveTranscriptText.swift in Sources */ = {isa = PBXBuildFile; fileRef = AA100000000000000000015 /* LiveTranscriptText.swift */; };
		AA200000000000000000016 /* ModeSegmentedControl.swift in Sources */ = {isa = PBXBuildFile; fileRef = AA100000000000000000016 /* ModeSegmentedControl.swift */; };
		AA200000000000000000017 /* OrbView.swift in Sources */ = {isa = PBXBuildFile; fileRef = AA100000000000000000017 /* OrbView.swift */; };
		AA200000000000000000018 /* HomeView.swift in Sources */ = {isa = PBXBuildFile; fileRef = AA100000000000000000018 /* HomeView.swift */; };
		AA200000000000000000019 /* ActiveSessionRadarVisualizer.swift in Sources */ = {isa = PBXBuildFile; fileRef = AA100000000000000000019 /* ActiveSessionRadarVisualizer.swift */; };
		AA200000000000000000020 /* ActiveSessionView.swift in Sources */ = {isa = PBXBuildFile; fileRef = AA100000000000000000020 /* ActiveSessionView.swift */; };
		AA200000000000000000021 /* SessionsListView.swift in Sources */ = {isa = PBXBuildFile; fileRef = AA100000000000000000021 /* SessionsListView.swift */; };
		AA200000000000000000022 /* ChatHistoryView.swift in Sources */ = {isa = PBXBuildFile; fileRef = AA100000000000000000022 /* ChatHistoryView.swift */; };
		AA200000000000000000023 /* SettingsView.swift in Sources */ = {isa = PBXBuildFile; fileRef = AA100000000000000000023 /* SettingsView.swift */; };
		AA200000000000000000024 /* PhoneAuthView.swift in Sources */ = {isa = PBXBuildFile; fileRef = AA100000000000000000024 /* PhoneAuthView.swift */; };
		AA200000000000000000025 /* PromptsListView.swift in Sources */ = {isa = PBXBuildFile; fileRef = AA100000000000000000025 /* PromptsListView.swift */; };
/* End PBXBuildFile section */

/* Begin PBXFileReference section */
		AA100000000000000000001 /* HealthBeeApp.swift */ = {isa = PBXFileReference; lastKnownFileType = sourcecode.swift; name = HealthBeeApp.swift; path = HealthBee/App/HealthBeeApp.swift; sourceTree = "<group>"; };
		AA100000000000000000002 /* ContentView.swift */ = {isa = PBXFileReference; lastKnownFileType = sourcecode.swift; name = ContentView.swift; path = HealthBee/App/ContentView.swift; sourceTree = "<group>"; };
		AA100000000000000000003 /* AppTheme.swift */ = {isa = PBXFileReference; lastKnownFileType = sourcecode.swift; name = AppTheme.swift; path = HealthBee/DesignSystem/AppTheme.swift; sourceTree = "<group>"; };
		AA100000000000000000004 /* ThemeEnvironment.swift */ = {isa = PBXFileReference; lastKnownFileType = sourcecode.swift; name = ThemeEnvironment.swift; path = HealthBee/DesignSystem/ThemeEnvironment.swift; sourceTree = "<group>"; };
		AA100000000000000000005 /* TypographyModifiers.swift */ = {isa = PBXFileReference; lastKnownFileType = sourcecode.swift; name = TypographyModifiers.swift; path = HealthBee/DesignSystem/TypographyModifiers.swift; sourceTree = "<group>"; };
		AA100000000000000000006 /* AppModels.swift */ = {isa = PBXFileReference; lastKnownFileType = sourcecode.swift; name = AppModels.swift; path = HealthBee/Models/AppModels.swift; sourceTree = "<group>"; };
		AA100000000000000000007 /* AppState.swift */ = {isa = PBXFileReference; lastKnownFileType = sourcecode.swift; name = AppState.swift; path = HealthBee/Models/AppState.swift; sourceTree = "<group>"; };
		AA100000000000000000008 /* PersonaChip.swift */ = {isa = PBXFileReference; lastKnownFileType = sourcecode.swift; name = PersonaChip.swift; path = HealthBee/Components/PersonaChip.swift; sourceTree = "<group>"; };
		AA100000000000000000009 /* UplinkChip.swift */ = {isa = PBXFileReference; lastKnownFileType = sourcecode.swift; name = UplinkChip.swift; path = HealthBee/Components/UplinkChip.swift; sourceTree = "<group>"; };
		AA100000000000000000010 /* DashboardCardRow.swift */ = {isa = PBXFileReference; lastKnownFileType = sourcecode.swift; name = DashboardCardRow.swift; path = HealthBee/Components/DashboardCardRow.swift; sourceTree = "<group>"; };
		AA100000000000000000011 /* InsightRow.swift */ = {isa = PBXFileReference; lastKnownFileType = sourcecode.swift; name = InsightRow.swift; path = HealthBee/Components/InsightRow.swift; sourceTree = "<group>"; };
		AA100000000000000000012 /* SessionRow.swift */ = {isa = PBXFileReference; lastKnownFileType = sourcecode.swift; name = SessionRow.swift; path = HealthBee/Components/SessionRow.swift; sourceTree = "<group>"; };
		AA100000000000000000013 /* LogMessageView.swift */ = {isa = PBXFileReference; lastKnownFileType = sourcecode.swift; name = LogMessageView.swift; path = HealthBee/Components/LogMessageView.swift; sourceTree = "<group>"; };
		AA100000000000000000014 /* TypewriterText.swift */ = {isa = PBXFileReference; lastKnownFileType = sourcecode.swift; name = TypewriterText.swift; path = HealthBee/Components/TypewriterText.swift; sourceTree = "<group>"; };
		AA100000000000000000015 /* LiveTranscriptText.swift */ = {isa = PBXFileReference; lastKnownFileType = sourcecode.swift; name = LiveTranscriptText.swift; path = HealthBee/Components/LiveTranscriptText.swift; sourceTree = "<group>"; };
		AA100000000000000000016 /* ModeSegmentedControl.swift */ = {isa = PBXFileReference; lastKnownFileType = sourcecode.swift; name = ModeSegmentedControl.swift; path = HealthBee/Components/ModeSegmentedControl.swift; sourceTree = "<group>"; };
		AA100000000000000000017 /* OrbView.swift */ = {isa = PBXFileReference; lastKnownFileType = sourcecode.swift; name = OrbView.swift; path = HealthBee/Views/Home/OrbView.swift; sourceTree = "<group>"; };
		AA100000000000000000018 /* HomeView.swift */ = {isa = PBXFileReference; lastKnownFileType = sourcecode.swift; name = HomeView.swift; path = HealthBee/Views/Home/HomeView.swift; sourceTree = "<group>"; };
		AA100000000000000000019 /* ActiveSessionRadarVisualizer.swift */ = {isa = PBXFileReference; lastKnownFileType = sourcecode.swift; name = ActiveSessionRadarVisualizer.swift; path = HealthBee/Views/ActiveSession/ActiveSessionRadarVisualizer.swift; sourceTree = "<group>"; };
		AA100000000000000000020 /* ActiveSessionView.swift */ = {isa = PBXFileReference; lastKnownFileType = sourcecode.swift; name = ActiveSessionView.swift; path = HealthBee/Views/ActiveSession/ActiveSessionView.swift; sourceTree = "<group>"; };
		AA100000000000000000021 /* SessionsListView.swift */ = {isa = PBXFileReference; lastKnownFileType = sourcecode.swift; name = SessionsListView.swift; path = HealthBee/Views/Sessions/SessionsListView.swift; sourceTree = "<group>"; };
		AA100000000000000000022 /* ChatHistoryView.swift */ = {isa = PBXFileReference; lastKnownFileType = sourcecode.swift; name = ChatHistoryView.swift; path = HealthBee/Views/Sessions/ChatHistoryView.swift; sourceTree = "<group>"; };
		AA100000000000000000023 /* SettingsView.swift */ = {isa = PBXFileReference; lastKnownFileType = sourcecode.swift; name = SettingsView.swift; path = HealthBee/Views/Settings/SettingsView.swift; sourceTree = "<group>"; };
		AA100000000000000000024 /* PhoneAuthView.swift */ = {isa = PBXFileReference; lastKnownFileType = sourcecode.swift; name = PhoneAuthView.swift; path = HealthBee/Views/Auth/PhoneAuthView.swift; sourceTree = "<group>"; };
		AA100000000000000000025 /* PromptsListView.swift */ = {isa = PBXFileReference; lastKnownFileType = sourcecode.swift; name = PromptsListView.swift; path = HealthBee/Views/Prompts/PromptsListView.swift; sourceTree = "<group>"; };
		AA000001000000000000023 /* HealthBee.app */ = {isa = PBXFileReference; explicitFileType = wrapper.application; includeInIndex = 0; path = HealthBee.app; sourceTree = BUILT_PRODUCTS_DIR; };
/* End PBXFileReference section */

/* Begin PBXGroup section */
		AA000001000000000000002 = {
			isa = PBXGroup;
			children = (
				AA000001000000000000003 /* App */,
				AA000001000000000000004 /* DesignSystem */,
				AA000001000000000000005 /* Models */,
				AA000001000000000000006 /* Components */,
				AA000001000000000000007 /* Views */,
				AA000001000000000000014 /* Products */,
			);
			sourceTree = "<group>";
		};
		AA000001000000000000014 /* Products */ = {
			isa = PBXGroup;
			children = (
				AA000001000000000000023 /* HealthBee.app */,
			);
			name = Products;
			sourceTree = "<group>";
		};
		AA000001000000000000003 /* App */ = {
			isa = PBXGroup;
			children = (
				AA100000000000000000001,
				AA100000000000000000002,
			);
			name = App;
			sourceTree = "<group>";
		};
		AA000001000000000000004 /* DesignSystem */ = {
			isa = PBXGroup;
			children = (
				AA100000000000000000003,
				AA100000000000000000004,
				AA100000000000000000005,
			);
			name = DesignSystem;
			sourceTree = "<group>";
		};
		AA000001000000000000005 /* Models */ = {
			isa = PBXGroup;
			children = (
				AA100000000000000000006,
				AA100000000000000000007,
			);
			name = Models;
			sourceTree = "<group>";
		};
		AA000001000000000000006 /* Components */ = {
			isa = PBXGroup;
			children = (
				AA100000000000000000008,
				AA100000000000000000009,
				AA100000000000000000010,
				AA100000000000000000011,
				AA100000000000000000012,
				AA100000000000000000013,
				AA100000000000000000014,
				AA100000000000000000015,
				AA100000000000000000016,
			);
			name = Components;
			sourceTree = "<group>";
		};
		AA000001000000000000007 /* Views */ = {
			isa = PBXGroup;
			children = (
				AA000001000000000000008 /* Home */,
				AA000001000000000000009 /* ActiveSession */,
				AA000001000000000000010 /* Sessions */,
				AA000001000000000000011 /* Settings */,
				AA000001000000000000012 /* Auth */,
				AA000001000000000000013 /* Prompts */,
			);
			name = Views;
			sourceTree = "<group>";
		};
		AA000001000000000000008 /* Home */ = {
			isa = PBXGroup;
			children = (
				AA100000000000000000017,
				AA100000000000000000018,
			);
			name = Home;
			sourceTree = "<group>";
		};
		AA000001000000000000009 /* ActiveSession */ = {
			isa = PBXGroup;
			children = (
				AA100000000000000000019,
				AA100000000000000000020,
			);
			name = ActiveSession;
			sourceTree = "<group>";
		};
		AA000001000000000000010 /* Sessions */ = {
			isa = PBXGroup;
			children = (
				AA100000000000000000021,
				AA100000000000000000022,
			);
			name = Sessions;
			sourceTree = "<group>";
		};
		AA000001000000000000011 /* Settings */ = {
			isa = PBXGroup;
			children = (
				AA100000000000000000023,
			);
			name = Settings;
			sourceTree = "<group>";
		};
		AA000001000000000000012 /* Auth */ = {
			isa = PBXGroup;
			children = (
				AA100000000000000000024,
			);
			name = Auth;
			sourceTree = "<group>";
		};
		AA000001000000000000013 /* Prompts */ = {
			isa = PBXGroup;
			children = (
				AA100000000000000000025,
			);
			name = Prompts;
			sourceTree = "<group>";
		};
/* End PBXGroup section */

/* Begin PBXNativeTarget section */
		AA000001000000000000015 /* HealthBee */ = {
			isa = PBXNativeTarget;
			buildConfigurationList = AA000001000000000000017 /* Build configuration list for PBXNativeTarget "HealthBee" */;
			buildPhases = (
				AA000001000000000000022 /* Sources */,
			);
			buildRules = (
			);
			dependencies = (
			);
			name = HealthBee;
			productName = HealthBee;
			productReference = AA000001000000000000023 /* HealthBee.app */;
			productType = "com.apple.product-type.application";
		};
/* End PBXNativeTarget section */

/* Begin PBXProject section */
		AA000001000000000000001 /* Project object */ = {
			isa = PBXProject;
			attributes = {
				BuildIndependentTargetsInParallel = 1;
				LastSwiftUpdateCheck = 1500;
				LastUpgradeCheck = 1500;
				TargetAttributes = {
					AA000001000000000000015 = {
						CreatedOnToolsVersion = 15.0;
					};
				};
			};
			buildConfigurationList = AA000001000000000000016 /* Build configuration list for PBXProject "HealthBee" */;
			compatibilityVersion = "Xcode 14.0";
			developmentRegion = en;
			hasScannedForEncodings = 0;
			knownRegions = (
				en,
				Base,
			);
			mainGroup = AA000001000000000000002;
			productRefGroup = AA000001000000000000014 /* Products */;
			projectDirPath = "";
			projectRoot = "";
			targets = (
				AA000001000000000000015 /* HealthBee */,
			);
		};
/* End PBXProject section */

/* Begin PBXSourcesBuildPhase section */
		AA000001000000000000022 /* Sources */ = {
			isa = PBXSourcesBuildPhase;
			buildActionMask = 2147483647;
			files = (
				AA200000000000000000001 /* HealthBeeApp.swift in Sources */,
				AA200000000000000000002 /* ContentView.swift in Sources */,
				AA200000000000000000003 /* AppTheme.swift in Sources */,
				AA200000000000000000004 /* ThemeEnvironment.swift in Sources */,
				AA200000000000000000005 /* TypographyModifiers.swift in Sources */,
				AA200000000000000000006 /* AppModels.swift in Sources */,
				AA200000000000000000007 /* AppState.swift in Sources */,
				AA200000000000000000008 /* PersonaChip.swift in Sources */,
				AA200000000000000000009 /* UplinkChip.swift in Sources */,
				AA200000000000000000010 /* DashboardCardRow.swift in Sources */,
				AA200000000000000000011 /* InsightRow.swift in Sources */,
				AA200000000000000000012 /* SessionRow.swift in Sources */,
				AA200000000000000000013 /* LogMessageView.swift in Sources */,
				AA200000000000000000014 /* TypewriterText.swift in Sources */,
				AA200000000000000000015 /* LiveTranscriptText.swift in Sources */,
				AA200000000000000000016 /* ModeSegmentedControl.swift in Sources */,
				AA200000000000000000017 /* OrbView.swift in Sources */,
				AA200000000000000000018 /* HomeView.swift in Sources */,
				AA200000000000000000019 /* ActiveSessionRadarVisualizer.swift in Sources */,
				AA200000000000000000020 /* ActiveSessionView.swift in Sources */,
				AA200000000000000000021 /* SessionsListView.swift in Sources */,
				AA200000000000000000022 /* ChatHistoryView.swift in Sources */,
				AA200000000000000000023 /* SettingsView.swift in Sources */,
				AA200000000000000000024 /* PhoneAuthView.swift in Sources */,
				AA200000000000000000025 /* PromptsListView.swift in Sources */,
			);
			runOnlyForDeploymentPostprocessing = 0;
		};
/* End PBXSourcesBuildPhase section */

/* Begin XCBuildConfiguration section */
		AA000001000000000000018 /* Debug */ = {
			isa = XCBuildConfiguration;
			buildSettings = {
				ALWAYS_SEARCH_USER_PATHS = NO;
				CLANG_ANALYZER_NONNULL = YES;
				CLANG_ANALYZER_NUMBER_OBJECT_CONVERSION = YES_AGGRESSIVE;
				CLANG_CXX_LANGUAGE_STANDARD = "gnu++20";
				CLANG_ENABLE_MODULES = YES;
				CLANG_ENABLE_OBJC_ARC = YES;
				CLANG_ENABLE_OBJC_WEAK = YES;
				COPY_PHASE_STRIP = NO;
				DEBUG_INFORMATION_FORMAT = dwarf;
				ENABLE_STRICT_OBJC_MSGSEND = YES;
				ENABLE_TESTABILITY = YES;
				GCC_C_LANGUAGE_STANDARD = gnu11;
				GCC_DYNAMIC_NO_PIC = NO;
				GCC_NO_COMMON_BLOCKS = YES;
				GCC_OPTIMIZATION_LEVEL = 0;
				GCC_PREPROCESSOR_DEFINITIONS = ("DEBUG=1", "\$(inherited)");
				GCC_WARN_64_TO_32_BIT_CONVERSION = YES;
				GCC_WARN_ABOUT_RETURN_TYPE = YES_ERROR;
				GCC_WARN_UNDECLARED_SELECTOR = YES;
				GCC_WARN_UNINITIALIZED_AUTOS = YES_AGGRESSIVE;
				GCC_WARN_UNUSED_FUNCTION = YES;
				GCC_WARN_UNUSED_VARIABLE = YES;
				IPHONEOS_DEPLOYMENT_TARGET = 17.0;
				MTL_ENABLE_DEBUG_INFO = INCLUDE_SOURCE;
				MTL_FAST_MATH = YES;
				ONLY_ACTIVE_ARCH = YES;
				SDKROOT = iphoneos;
				SWIFT_ACTIVE_COMPILATION_CONDITIONS = DEBUG;
				SWIFT_OPTIMIZATION_LEVEL = "-Onone";
			};
			name = Debug;
		};
		AA000001000000000000019 /* Release */ = {
			isa = XCBuildConfiguration;
			buildSettings = {
				ALWAYS_SEARCH_USER_PATHS = NO;
				CLANG_ANALYZER_NONNULL = YES;
				CLANG_ANALYZER_NUMBER_OBJECT_CONVERSION = YES_AGGRESSIVE;
				CLANG_CXX_LANGUAGE_STANDARD = "gnu++20";
				CLANG_ENABLE_MODULES = YES;
				CLANG_ENABLE_OBJC_ARC = YES;
				CLANG_ENABLE_OBJC_WEAK = YES;
				COPY_PHASE_STRIP = NO;
				DEBUG_INFORMATION_FORMAT = "dwarf-with-dsym";
				ENABLE_NS_ASSERTIONS = NO;
				ENABLE_STRICT_OBJC_MSGSEND = YES;
				GCC_C_LANGUAGE_STANDARD = gnu11;
				GCC_NO_COMMON_BLOCKS = YES;
				GCC_WARN_64_TO_32_BIT_CONVERSION = YES;
				GCC_WARN_ABOUT_RETURN_TYPE = YES_ERROR;
				GCC_WARN_UNDECLARED_SELECTOR = YES;
				GCC_WARN_UNINITIALIZED_AUTOS = YES_AGGRESSIVE;
				GCC_WARN_UNUSED_FUNCTION = YES;
				GCC_WARN_UNUSED_VARIABLE = YES;
				IPHONEOS_DEPLOYMENT_TARGET = 17.0;
				MTL_FAST_MATH = YES;
				SDKROOT = iphoneos;
				SWIFT_COMPILATION_MODE = wholemodule;
				SWIFT_OPTIMIZATION_LEVEL = "-O";
				VALIDATE_PRODUCT = YES;
			};
			name = Release;
		};
		AA000001000000000000020 /* Debug */ = {
			isa = XCBuildConfiguration;
			buildSettings = {
				ASSTCATALOG_COMPILER_APPICON_NAME = AppIcon;
				ASSTCATALOG_COMPILER_GLOBAL_ACCENT_COLOR_NAME = AccentColor;
				BUNDLE_LOADER = "\$(TEST_HOST)";
				CODE_SIGN_STYLE = Automatic;
				CURRENT_PROJECT_VERSION = 1;
				DEVELOPMENT_ASSET_PATHS = "";
				DEVELOPMENT_TEAM = "";
				ENABLE_PREVIEWS = YES;
				GENERATE_INFOPLIST_FILE = YES;
				IPHONEOS_DEPLOYMENT_TARGET = 17.0;
				MARKETING_VERSION = 1.0;
				PRODUCT_BUNDLE_IDENTIFIER = "com.healthbee.app";
				PRODUCT_NAME = "\$(TARGET_NAME)";
				SUPPORTED_PLATFORMS = "iphoneos iphonesimulator";
				SUPPORTS_MAC_DESIGNED_FOR_IPHONE_IPAD = YES;
				SWIFT_EMIT_LOC_STRINGS = YES;
				SWIFT_VERSION = 5.0;
				TARGETED_DEVICE_FAMILY = "1,2";
			};
			name = Debug;
		};
		AA000001000000000000021 /* Release */ = {
			isa = XCBuildConfiguration;
			buildSettings = {
				ASSTCATALOG_COMPILER_APPICON_NAME = AppIcon;
				ASSTCATALOG_COMPILER_GLOBAL_ACCENT_COLOR_NAME = AccentColor;
				BUNDLE_LOADER = "\$(TEST_HOST)";
				CODE_SIGN_STYLE = Automatic;
				CURRENT_PROJECT_VERSION = 1;
				DEVELOPMENT_ASSET_PATHS = "";
				DEVELOPMENT_TEAM = "";
				ENABLE_PREVIEWS = YES;
				GENERATE_INFOPLIST_FILE = YES;
				IPHONEOS_DEPLOYMENT_TARGET = 17.0;
				MARKETING_VERSION = 1.0;
				PRODUCT_BUNDLE_IDENTIFIER = "com.healthbee.app";
				PRODUCT_NAME = "\$(TARGET_NAME)";
				SUPPORTED_PLATFORMS = "iphoneos iphonesimulator";
				SUPPORTS_MAC_DESIGNED_FOR_IPHONE_IPAD = YES;
				SWIFT_EMIT_LOC_STRINGS = YES;
				SWIFT_VERSION = 5.0;
				TARGETED_DEVICE_FAMILY = "1,2";
			};
			name = Release;
		};
/* End XCBuildConfiguration section */

/* Begin XCConfigurationList section */
		AA000001000000000000016 /* Build configuration list for PBXProject "HealthBee" */ = {
			isa = XCConfigurationList;
			buildConfigurations = (
				AA000001000000000000018 /* Debug */,
				AA000001000000000000019 /* Release */,
			);
			defaultConfigurationIsVisible = 0;
			defaultConfigurationName = Release;
		};
		AA000001000000000000017 /* Build configuration list for PBXNativeTarget "HealthBee" */ = {
			isa = XCConfigurationList;
			buildConfigurations = (
				AA000001000000000000020 /* Debug */,
				AA000001000000000000021 /* Release */,
			);
			defaultConfigurationIsVisible = 0;
			defaultConfigurationName = Release;
		};
/* End XCConfigurationList section */

	};
	rootObject = AA000001000000000000001 /* Project object */;
}
